
Microsoft Visual Studio Solution File, Format Version 12.00
# Visual Studio Version 17
VisualStudioVersion = 17.14.36414.22
MinimumVisualStudioVersion = 10.0.40219.1
Project("{FAE04EC0-301F-11D3-BF4B-00C04F79EFBC}") = "CarRegistry", "CarRegistry\CarRegistry.csproj", "{29395213-766E-4875-840F-9A655870A702}"
EndProject
Global
	GlobalSection(SolutionConfigurationPlatforms) = preSolution
		Debug|Any CPU = Debug|Any CPU
		Release|Any CPU = Release|Any CPU
	EndGlobalSection
	GlobalSection(ProjectConfigurationPlatforms) = postSolution
		{29395213-766E-4875-840F-9A655870A702}.Debug|Any CPU.ActiveCfg = Debug|Any CPU
		{29395213-766E-4875-840F-9A655870A702}.Debug|Any CPU.Build.0 = Debug|Any CPU
		{29395213-766E-4875-840F-9A655870A702}.Release|Any CPU.ActiveCfg = Release|Any CPU
		{29395213-766E-4875-840F-9A655870A702}.Release|Any CPU.Build.0 = Release|Any CPU
	EndGlobalSection
	GlobalSection(SolutionProperties) = preSolution
		HideSolutionNode = FALSE
	EndGlobalSection
	GlobalSection(ExtensibilityGlobals) = postSolution
		SolutionGuid = {86EDFE62-F660-4071-8F7B-B5F8B6D3BB27}
	EndGlobalSection
EndGlobal
